name: Naming Lock

on:
  pull_request:
  push:
    branches:
      - main

jobs:
  naming-lock:
    runs-on: ubuntu-latest
    steps:
      - name: Checkout
        uses: actions/checkout@v4

      - name: Validate naming lock
        run: scripts/check-naming-lock.sh

      - name: Validate local path leak guard
        run: scripts/test-check-no-local-path-leaks.sh

      - name: Validate sec4 explain audit coverage
        run: scripts/test-check-sec4-explain-audit-coverage.sh

      - name: Validate replay capture contract
        run: scripts/test-replay-capture-contract.sh

      - name: Validate replay capture compatibility
        run: scripts/test-replay-capture-compat.sh

      - name: Validate replay stub registry contract
        run: scripts/test-replay-stub-registry-contract.sh

      - name: Validate replay CLI json contract
        run: scripts/test-replay-cli-json-contract.sh

      - name: Validate replay CLI json contract guard behavior
        run: scripts/test-replay-cli-json-contract-guard.sh

      - name: Validate M16 runtime HTTP coverage contract
        run: scripts/test-m16-runtime-http-coverage.sh

      - name: Validate M16 runtime HTTP coverage guard behavior
        run: scripts/test-m16-runtime-http-coverage-guard.sh

      - name: Validate sec4 run hello-api smoke script contract
        run: scripts/test-smoke-sec4-run-hello-api-script-contract.sh

      - name: Validate sec4 run hello-api smoke script contract guard behavior
        run: scripts/test-smoke-sec4-run-hello-api-script-contract-guard.sh

      - name: Validate runtime-smoke workflow contract
        run: scripts/test-runtime-smoke-workflow-contract.sh

      - name: Validate runtime-smoke workflow contract guard behavior
        run: scripts/test-runtime-smoke-workflow-contract-guard.sh

      - name: Validate runtime-smoke artifacts checker
        run: scripts/test-check-runtime-smoke-artifacts.sh

      - name: Validate runtime-smoke branch index builder
        run: scripts/test-build-runtime-smoke-branch-index.sh

      - name: Validate runtime-smoke bundle checker
        run: scripts/test-check-runtime-smoke-bundle.sh

      - name: Validate M17 operator handoff readiness checker
        run: scripts/test-check-m17-operator-handoff-readiness.sh

      - name: Validate M17 operator bootstrap profile helper
        run: scripts/test-run-m17-operator-bootstrap.sh

      - name: Validate M17 operator troubleshooting matrix
        run: scripts/test-print-m17-operator-troubleshooting-matrix.sh

      - name: Validate M17 operator handoff quickstart
        run: scripts/test-run-m17-operator-handoff-quickstart.sh

      - name: Validate M17 operator handoff CI smoke wrapper
        run: scripts/test-run-m17-operator-handoff-ci-smoke.sh

      - name: Validate operator-handoff workflow contract
        run: scripts/test-operator-handoff-workflow-contract.sh

      - name: Validate operator-handoff workflow contract guard behavior
        run: scripts/test-operator-handoff-workflow-contract-guard.sh

      - name: Validate M17 operator handoff artifact inspector
        run: scripts/test-inspect-m17-operator-handoff-artifacts.sh

      - name: Validate M17 operator handoff readiness summary
        run: scripts/test-summarize-m17-operator-handoff-readiness.sh

      - name: Validate M17 operator release packet builder
        run: scripts/test-build-m17-operator-release-packet.sh

      - name: Validate M17 final handoff playbook checker
        run: scripts/test-check-m17-operator-handoff-playbook.sh

      - name: Validate M17 clean-clone rehearsal runner
        run: scripts/test-run-m17-operator-clean-clone-rehearsal.sh

      - name: Validate M18 kickoff brief generator
        run: scripts/test-generate-m18-kickoff-brief.sh

      - name: Validate M18 priority matrix artifact
        run: scripts/test-build-m18-priority-matrix.sh

      - name: Validate M18 next-slice selector
        run: scripts/test-select-m18-next-slice.sh

      - name: Validate M18 editor contract expansion
        run: scripts/test-m18-editor-contract-expansion.sh

      - name: Validate M18 release publish integrity contract expansion
        run: scripts/test-m18-release-publish-integrity.sh

      - name: Validate M18 runtime-track execution runner
        run: scripts/test-run-m18-runtime-track.sh

      - name: Validate M18 track convergence summary
        run: scripts/test-build-m18-track-convergence-summary.sh

      - name: Validate M18 transition handoff packet
        run: scripts/test-build-m18-transition-handoff-packet.sh

      - name: Validate M18 closure report
        run: scripts/test-build-m18-closure-report.sh

      - name: Validate M19 kickoff brief
        run: scripts/test-generate-m19-kickoff-brief.sh

      - name: Validate M19 priority matrix
        run: scripts/test-build-m19-priority-matrix.sh

      - name: Validate M19 next-slice selector
        run: scripts/test-select-m19-next-slice.sh

      - name: Validate M19 runtime hardening runner
        run: scripts/test-run-m19-runtime-hardening.sh

      - name: Validate M19 executed-slice convergence summary
        run: scripts/test-build-m19-executed-slice-convergence-summary.sh

      - name: Validate M19 transition handoff packet
        run: scripts/test-build-m19-transition-handoff-packet.sh

      - name: Validate M19 closure report
        run: scripts/test-build-m19-closure-report.sh

      - name: Validate M20 kickoff brief
        run: scripts/test-generate-m20-kickoff-brief.sh

      - name: Validate M20 priority matrix
        run: scripts/test-build-m20-priority-matrix.sh

      - name: Validate M20 next-slice selector
        run: scripts/test-select-m20-next-slice.sh

      - name: Validate M20 runtime hardening runner
        run: scripts/test-run-m20-runtime-hardening.sh

      - name: Validate M20 executed-slice convergence summary
        run: scripts/test-build-m20-executed-slice-convergence-summary.sh

      - name: Validate M20 transition handoff packet
        run: scripts/test-build-m20-transition-handoff-packet.sh

      - name: Validate M20 closure report
        run: scripts/test-build-m20-closure-report.sh

      - name: Validate M21 kickoff brief
        run: scripts/test-generate-m21-kickoff-brief.sh

      - name: Validate M21 priority matrix
        run: scripts/test-build-m21-priority-matrix.sh

      - name: Validate M21 next-slice selector
        run: scripts/test-select-m21-next-slice.sh

      - name: Validate M21 runtime hardening runner
        run: scripts/test-run-m21-runtime-hardening.sh

      - name: Validate M21 executed-slice convergence summary
        run: scripts/test-build-m21-executed-slice-convergence-summary.sh

      - name: Validate M21 transition handoff packet
        run: scripts/test-build-m21-transition-handoff-packet.sh

      - name: Validate alpha release workflow contract
        run: scripts/test-alpha-release-workflow-contract.sh

      - name: Validate alpha release workflow guard behavior
        run: scripts/test-alpha-release-workflow-contract-guard.sh

      - name: Validate roadmap closure gate alignment
        run: scripts/test-roadmap-closure-gate-alignment.sh

      - name: Validate benchmark cross-impl workflow contract
        run: scripts/test-benchmark-cross-impl-workflow-contract.sh

      - name: Validate benchmark cross-impl workflow guard behavior
        run: scripts/test-benchmark-cross-impl-workflow-contract-guard.sh

      - name: Validate benchmark trend workflow contract
        run: scripts/test-benchmark-trend-workflow-contract.sh

      - name: Validate benchmark trend workflow guard behavior
        run: scripts/test-benchmark-trend-workflow-contract-guard.sh

      - name: Validate sec4 CLI command contract
        run: scripts/test-sec4-cli-command-contract.sh

      - name: Validate sec4 CLI command contract guard behavior
        run: scripts/test-sec4-cli-command-contract-guard.sh

      - name: Validate sec4 run runtime-flag contract
        run: scripts/test-sec4-run-runtime-flag-contract.sh

      - name: Validate sec4 run runtime-flag contract guard behavior
        run: scripts/test-sec4-run-runtime-flag-contract-guard.sh

      - name: Validate zed grammar pin contract
        run: scripts/test-zed-grammar-pin.sh

      - name: Validate zed grammar pin guard behavior
        run: scripts/test-zed-grammar-pin-guard.sh

      - name: Validate release-contract-smoke workflow contract
        run: scripts/test-release-contract-smoke-workflow-contract.sh

      - name: Validate release-contract-smoke workflow guard behavior
        run: scripts/test-release-contract-smoke-workflow-contract-guard.sh
