name: Naming Lock

on:
  pull_request:
  push:
    branches:
      - main

jobs:
  naming-lock:
    runs-on: ubuntu-latest
    steps:
      - name: Checkout
        uses: actions/checkout@v4

      - name: Validate naming lock
        run: scripts/check-naming-lock.sh

      - name: Validate sec4 explain audit coverage
        run: scripts/check-sec4-explain-audit-coverage.sh

      - name: Validate alpha release workflow contract
        run: scripts/test-alpha-release-workflow-contract.sh

      - name: Validate roadmap closure gate alignment
        run: scripts/test-roadmap-closure-gate-alignment.sh

      - name: Validate sec4 CLI command contract
        run: scripts/test-sec4-cli-command-contract.sh
