name: Naming Lock

on:
  push:
    branches:
      - main

jobs:
  naming-lock:
    runs-on: ubuntu-latest
    timeout-minutes: 45
    steps:
      - name: Checkout
        uses: actions/checkout@v4

      - name: Install ripgrep
        run: sudo apt-get update && sudo apt-get install -y ripgrep

      - name: Validate naming lock
        run: scripts/check-naming-lock.sh

      - name: Run naming-lock contract suite
        run: scripts/run-naming-lock-contract-suite.sh
